
Microsoft Visual Studio Solution File, Format Version 12.00
Project("{FAE04EC0-301F-11D3-BF4B-00C04F79EFBC}") = "HoneybadgerConsoleAppExample", "HoneybadgerConsoleAppExample.csproj", "{090E20DD-C8AE-4F47-8AA0-1347A8BEBEB2}"
EndProject
Global
	GlobalSection(SolutionConfigurationPlatforms) = preSolution
		Debug|Any CPU = Debug|Any CPU
		Release|Any CPU = Release|Any CPU
	EndGlobalSection
	GlobalSection(ProjectConfigurationPlatforms) = postSolution
		{090E20DD-C8AE-4F47-8AA0-1347A8BEBEB2}.Debug|Any CPU.ActiveCfg = Debug|Any CPU
		{090E20DD-C8AE-4F47-8AA0-1347A8BEBEB2}.Debug|Any CPU.Build.0 = Debug|Any CPU
		{090E20DD-C8AE-4F47-8AA0-1347A8BEBEB2}.Release|Any CPU.ActiveCfg = Release|Any CPU
		{090E20DD-C8AE-4F47-8AA0-1347A8BEBEB2}.Release|Any CPU.Build.0 = Release|Any CPU
	EndGlobalSection
EndGlobal
